// !$*UTF8*$!
{
	archiveVersion = 1;
	classes = {
	};
	objectVersion = 77;
	objects = {

/* Begin PBXBuildFile section */
		0248D434000A0135847B7ED3 /* NotificationService.swift in Sources */ = {isa = PBXBuildFile; fileRef = AC759A283B3A7CA4AE285758 /* NotificationService.swift */; };
		0297C8B87DFFF875750E61E5 /* AgentIdenticonView.swift in Sources */ = {isa = PBXBuildFile; fileRef = 97879A6011085454783C2713 /* AgentIdenticonView.swift */; };
		0521009DBCB7E9ADA1DE803E /* DictationOnboardingSheet.swift in Sources */ = {isa = PBXBuildFile; fileRef = 1995FF94FD09905D0F22DBE6 /* DictationOnboardingSheet.swift */; };
		06F602A79C25DD9AD0AEC44C /* AgentClient.swift in Sources */ = {isa = PBXBuildFile; fileRef = AE61B45DBC74809757BE9AEC /* AgentClient.swift */; };
		08B6459B667F19EC706241E2 /* AllternitApp.swift in Sources */ = {isa = PBXBuildFile; fileRef = 1CF7108EB91B4916B1C1C99E /* AllternitApp.swift */; };
		0C015744FC1DFDCC740E25A1 /* AgentSummary.swift in Sources */ = {isa = PBXBuildFile; fileRef = 7033B3B07143C73EBE3EA4EC /* AgentSummary.swift */; };
		125F2B988317D7169C94600F /* AttachmentStore.swift in Sources */ = {isa = PBXBuildFile; fileRef = 5B0065E7EBFC9CF076C7C77C /* AttachmentStore.swift */; };
		145F8258CCC59437E3BBD4CA /* OnboardingView.swift in Sources */ = {isa = PBXBuildFile; fileRef = 91C770057CDB7F7249B6EE0D /* OnboardingView.swift */; };
		1526643C864CF4A2D20144E8 /* SettingsStore.swift in Sources */ = {isa = PBXBuildFile; fileRef = BB1A0D0734D3D239827ECD6A /* SettingsStore.swift */; };
		15970CE94E88293413A0AE86 /* InstancesClient.swift in Sources */ = {isa = PBXBuildFile; fileRef = E471B33D6779D3C68395D818 /* InstancesClient.swift */; };
		18C9EB8E0CDD8146822E1E05 /* libz.tbd in Frameworks */ = {isa = PBXBuildFile; fileRef = 2EA4CD63CB38E3BE58D42166 /* libz.tbd */; };
		19E0767DE23B690FFA6BE33A /* Mesh.xcframework in Frameworks */ = {isa = PBXBuildFile; fileRef = C7B9F283E2DE6838A4FDF9C4 /* Mesh.xcframework */; };
		20E80A1F2D2626B38DB8EEB4 /* MessageRow.swift in Sources */ = {isa = PBXBuildFile; fileRef = 9AC5DA69A46A6B20CD3FB8BF /* MessageRow.swift */; };
		239DD97E2CE53C524C621776 /* ACIAgentRunView.swift in Sources */ = {isa = PBXBuildFile; fileRef = F7AEC5CF2FBE0926C09D8DDF /* ACIAgentRunView.swift */; };
		2AF88D8EAD207BC7586A817D /* ArtifactContentLoader.swift in Sources */ = {isa = PBXBuildFile; fileRef = 03E34A99F6B335FE86510DB1 /* ArtifactContentLoader.swift */; };
		2CEE9C83C47EEEAFDCE4ED2B /* Runestone in Frameworks */ = {isa = PBXBuildFile; productRef = A8A3C701861EEE87CDB63E1F /* Runestone */; };
		2D730B78F2D9F3C134683690 /* ToolOptionsStore.swift in Sources */ = {isa = PBXBuildFile; fileRef = E10652B6A3C4031AC35E7A7D /* ToolOptionsStore.swift */; };
		2E46FBCE540795234E4CCC06 /* AppConfig.swift in Sources */ = {isa = PBXBuildFile; fileRef = 6D086E0C0BC3296625734880 /* AppConfig.swift */; };
		33FD9E0103C6E6CB0B6BC080 /* APIClient.swift in Sources */ = {isa = PBXBuildFile; fileRef = 22911B6B17227946DBEA7DE5 /* APIClient.swift */; };
		37461B42AB20995C665DD296 /* ProjectDetailView.swift in Sources */ = {isa = PBXBuildFile; fileRef = 14C7FAC880FC030ADA98B110 /* ProjectDetailView.swift */; };
		38635404CB2E2C594C12E7D3 /* ACITabView.swift in Sources */ = {isa = PBXBuildFile; fileRef = 880590A0CE7FD850A74E8947 /* ACITabView.swift */; };
		3957E06834F85090B3F7EB1C /* AgentHubStore.swift in Sources */ = {isa = PBXBuildFile; fileRef = 54A65D23DCABF32B76CA2982 /* AgentHubStore.swift */; };
		3BA3A701E147348083A9F5C9 /* PreferencesStore.swift in Sources */ = {isa = PBXBuildFile; fileRef = 02B37C727FD0BC60B78752DA /* PreferencesStore.swift */; };
		3EE0E044F4077F8DB8B11647 /* Assets.xcassets in Resources */ = {isa = PBXBuildFile; fileRef = ABBB4775FDD12CEECFBA773E /* Assets.xcassets */; };
		40C9CBF6F83731D28F941789 /* MarkdownView in Frameworks */ = {isa = PBXBuildFile; productRef = D405AC10DE427A173D4FA3C2 /* MarkdownView */; };
		427BD04C4035802EF79C5B2C /* AgentChatClient.swift in Sources */ = {isa = PBXBuildFile; fileRef = 541657CC1F861072387754C4 /* AgentChatClient.swift */; };
		4374BFB850030EEDA982C746 /* AgentChatEvent.swift in Sources */ = {isa = PBXBuildFile; fileRef = 3924CEA01BDCC8043A376D4E /* AgentChatEvent.swift */; };
		4F0553D0FF20CC59EC2571E6 /* AgentHubView.swift in Sources */ = {isa = PBXBuildFile; fileRef = 11D989C244698E307DF2FE26 /* AgentHubView.swift */; };
		5688B76740E94B1F0608B2FB /* libgit2.xcframework in Frameworks */ = {isa = PBXBuildFile; fileRef = DA805C4BABCE1FA5CE5E38E1 /* libgit2.xcframework */; };
		591A05FFA32180C7E1FAB0C8 /* Conversation.swift in Sources */ = {isa = PBXBuildFile; fileRef = DC7E9C031AD14F62A5837B4B /* Conversation.swift */; };
		5C96F9899ADE3A7595CD8405 /* ChatViewModel.swift in Sources */ = {isa = PBXBuildFile; fileRef = 0355A75698898994A2F31C3A /* ChatViewModel.swift */; };
		5DC5E2B00685DA941532809A /* CanvasClient.swift in Sources */ = {isa = PBXBuildFile; fileRef = AC42714771756864D08FB907 /* CanvasClient.swift */; };
		6247F7EC99AC623F8DECFA5D /* ProjectsClient.swift in Sources */ = {isa = PBXBuildFile; fileRef = F7DD389A8BFF1E5E0EF97F81 /* ProjectsClient.swift */; };
		63067F08A2E43C63E14F5FC7 /* PreferencesClient.swift in Sources */ = {isa = PBXBuildFile; fileRef = 6FF93BF3011FB990CFCC5926 /* PreferencesClient.swift */; };
		64AB41A8CA560DB652B20A10 /* MessageActionBar.swift in Sources */ = {isa = PBXBuildFile; fileRef = C391FEC5AE3DBB58A5866E03 /* MessageActionBar.swift */; };
		65A30DEA9A029523CECAA775 /* VoiceModeViewModel.swift in Sources */ = {isa = PBXBuildFile; fileRef = 976C7758D4F8559596C88B1E /* VoiceModeViewModel.swift */; };
		65F58948DB57F802D27C2C7B /* MemoryClient.swift in Sources */ = {isa = PBXBuildFile; fileRef = ADC22289020633B79A4877ED /* MemoryClient.swift */; };
		6BB4A917B6F16D659FC4505C /* CodeModeView.swift in Sources */ = {isa = PBXBuildFile; fileRef = 0D011B052E3F3ABA469EBA92 /* CodeModeView.swift */; };
		6CC103BAFF1EE2DFE5DCC427 /* NewProjectSheet.swift in Sources */ = {isa = PBXBuildFile; fileRef = 6BF08861508C7252E3641B3A /* NewProjectSheet.swift */; };
		6E9AABE8B52396935A2AF03E /* ProjectsListView.swift in Sources */ = {isa = PBXBuildFile; fileRef = AD4A6EAC43075AE58679AEF3 /* ProjectsListView.swift */; };
		6EBCD38026960953E68E4CE4 /* AgentWorkspaceLayout.swift in Sources */ = {isa = PBXBuildFile; fileRef = 2FF498E05254A11171F8A560 /* AgentWorkspaceLayout.swift */; };
		7AE904B5149210D54A6D8678 /* DictationController.swift in Sources */ = {isa = PBXBuildFile; fileRef = 9A74A8A29D50F0BE64114352 /* DictationController.swift */; };
		7B938F56B68E8364BCB57D33 /* AuthManager.swift in Sources */ = {isa = PBXBuildFile; fileRef = 8E01CE023D9AC41B3CDF4E3F /* AuthManager.swift */; };
		7F2FA20199B56C9B95025210 /* BrainGit.swift in Sources */ = {isa = PBXBuildFile; fileRef = 085224ED867F904E2D827ED7 /* BrainGit.swift */; };
		819AC1D939BC82773FF58BE4 /* libiconv.tbd in Frameworks */ = {isa = PBXBuildFile; fileRef = 155758E1014D4AE63687BCED /* libiconv.tbd */; };
		842B7CC503AF5B23BEBA6977 /* ResponseNotificationsCard.swift in Sources */ = {isa = PBXBuildFile; fileRef = 3759BBE0D3CE7A18F3CDC161 /* ResponseNotificationsCard.swift */; };
		90479EDA461BD0B88CB8718E /* SettingsView.swift in Sources */ = {isa = PBXBuildFile; fileRef = 59F0F883C961CE5C29AD0B21 /* SettingsView.swift */; };
		9063AB02142DA8BE2ED9C9F1 /* SafariView.swift in Sources */ = {isa = PBXBuildFile; fileRef = B7F3B173705B7F5941BDC4FE /* SafariView.swift */; };
		91A9CC9F276FFA299E656E23 /* ConnectorsClient.swift in Sources */ = {isa = PBXBuildFile; fileRef = 0D5F1CC189FE9D76750FA4E6 /* ConnectorsClient.swift */; };
		93268B9EABC62F8BC790B16F /* ArtifactDetailsView.swift in Sources */ = {isa = PBXBuildFile; fileRef = 15187B0C77E90FFBEE394F9A /* ArtifactDetailsView.swift */; };
		93BBEF8FB0B6058E47480A86 /* ArtifactsLibraryView.swift in Sources */ = {isa = PBXBuildFile; fileRef = 384E354DC0746B0247176A44 /* ArtifactsLibraryView.swift */; };
		965ECCD0C479654C756FAAFD /* MemorySettingsView.swift in Sources */ = {isa = PBXBuildFile; fileRef = D11953529A9295E82BD8B098 /* MemorySettingsView.swift */; };
		9E5B4610C820CE11F367EA94 /* PtyClient.swift in Sources */ = {isa = PBXBuildFile; fileRef = 2F872E12909F37FC3EB5C89A /* PtyClient.swift */; };
		9E98F1BC9EA39287BFD70DCD /* Color+Theme.swift in Sources */ = {isa = PBXBuildFile; fileRef = D45673F8E41471638BD2E334 /* Color+Theme.swift */; };
		9FED2141772D7016D1172DD7 /* ConnectorsListView.swift in Sources */ = {isa = PBXBuildFile; fileRef = 2799419D39E60F569C3CAC31 /* ConnectorsListView.swift */; };
		A04A4796644F30C94952A26A /* VoiceModeView.swift in Sources */ = {isa = PBXBuildFile; fileRef = 2D55AE23DF47255312BD3B49 /* VoiceModeView.swift */; };
		A076803F5886FF12CF36A054 /* BrowserChatView.swift in Sources */ = {isa = PBXBuildFile; fileRef = 15E60D739E1ED3BAF445214F /* BrowserChatView.swift */; };
		A13EBC26EEE05FA56A9BC433 /* ACIWebBrowserView.swift in Sources */ = {isa = PBXBuildFile; fileRef = 2E44F010D96E6FC76D3CE571 /* ACIWebBrowserView.swift */; };
		A462907889B0CB124DE22969 /* ProjectStore.swift in Sources */ = {isa = PBXBuildFile; fileRef = DF7B74CD03BCD43CEFF3B203 /* ProjectStore.swift */; };
		A895E2F6A5440D7E40BA8F2C /* AppMode.swift in Sources */ = {isa = PBXBuildFile; fileRef = 62A63A32019B982AEB95024D /* AppMode.swift */; };
		A943F45FE89277BE010B3BAB /* MeshEnrollClient.swift in Sources */ = {isa = PBXBuildFile; fileRef = B85F6678BE960D0995556FE6 /* MeshEnrollClient.swift */; };
		AA58D84ADBC9375DEE9AF094 /* ReplyEvent.swift in Sources */ = {isa = PBXBuildFile; fileRef = 52277CD4E2534578A9E785F8 /* ReplyEvent.swift */; };
		AAAC91D038EC9566F923403B /* MeshClient.swift in Sources */ = {isa = PBXBuildFile; fileRef = B88B65FA4B5A3288485C10A4 /* MeshClient.swift */; };
		AE4827F580E76F77A891EB2A /* MemoryModels.swift in Sources */ = {isa = PBXBuildFile; fileRef = BBE8F35E82EC2D8E0341AA8D /* MemoryModels.swift */; };
		B0F6225E255785813E033F4A /* ArtifactLibraryStore.swift in Sources */ = {isa = PBXBuildFile; fileRef = 1484FBF4E7FCFDF0EF1262E1 /* ArtifactLibraryStore.swift */; };
		B27578BF382B7826884887F2 /* WorkspaceFileEditorView.swift in Sources */ = {isa = PBXBuildFile; fileRef = 92576416EF984EB91D9A016E /* WorkspaceFileEditorView.swift */; };
		B7AA169C1521A363602A7F1D /* UsageStore.swift in Sources */ = {isa = PBXBuildFile; fileRef = ECCF48884128341077961F98 /* UsageStore.swift */; };
		B7B14D04A0FDE61A3A07DAD8 /* ChatView.swift in Sources */ = {isa = PBXBuildFile; fileRef = 8EA82180F7A2046DAEA52E6F /* ChatView.swift */; };
		BC4A7BEB1237004CCFA919A4 /* ComposerPlusSheet.swift in Sources */ = {isa = PBXBuildFile; fileRef = 28AD3D2F3D54BC3E1C294C07 /* ComposerPlusSheet.swift */; };
		BD043C18DB50D10AB1D01779 /* VoiceSettingsSheet.swift in Sources */ = {isa = PBXBuildFile; fileRef = E44A5FBBCC1751E77BAB353F /* VoiceSettingsSheet.swift */; };
		BD61D10FB3866AD43AF5C5EC /* AgentDetailView.swift in Sources */ = {isa = PBXBuildFile; fileRef = C06CD7152FFD4F0D52DD4BBA /* AgentDetailView.swift */; };
		BD7F631405D1D2919CF47B8E /* ACIEvent.swift in Sources */ = {isa = PBXBuildFile; fileRef = 563960A3AC57DCEFE6DADD4B /* ACIEvent.swift */; };
		C2434839F06E94F192B828B1 /* ACIAgentClient.swift in Sources */ = {isa = PBXBuildFile; fileRef = 2381F311EC679E52A7820C09 /* ACIAgentClient.swift */; };
		C2937A44D490892AF6C00188 /* ClerkKitUI in Frameworks */ = {isa = PBXBuildFile; productRef = D278352A3F8948B9D661A9F1 /* ClerkKitUI */; };
		C9DEAEE737EDD2D38E876307 /* UsageLimitViews.swift in Sources */ = {isa = PBXBuildFile; fileRef = 887CDFC4A5518363187308C7 /* UsageLimitViews.swift */; };
		CA807701EBE68F492B5E66FA /* PermissionPrimingSheet.swift in Sources */ = {isa = PBXBuildFile; fileRef = BE3CC250492B1313864FA19D /* PermissionPrimingSheet.swift */; };
		CD6E8FC8C6E89354387BCD63 /* HistorySidebarView.swift in Sources */ = {isa = PBXBuildFile; fileRef = 6B8F10ADBC50ECB7FB85AF6A /* HistorySidebarView.swift */; };
		CFA280024CB6E4DC76505C7D /* CoworkProject.swift in Sources */ = {isa = PBXBuildFile; fileRef = 93E956710126053EB031C4BB /* CoworkProject.swift */; };
		CFCCA02881CE53E1E9D823C0 /* Reply.swift in Sources */ = {isa = PBXBuildFile; fileRef = D61E57FF032550F43AAC67BD /* Reply.swift */; };
		D03140127825489A37768513 /* Connector.swift in Sources */ = {isa = PBXBuildFile; fileRef = F0A28F6341B679B8457003DB /* Connector.swift */; };
		D092859BCC05615686EFDAA7 /* ModelPickerSheet.swift in Sources */ = {isa = PBXBuildFile; fileRef = 633FE6BD8A7B1B4D43EF53AF /* ModelPickerSheet.swift */; };
		D7CB3ECC567DA0E6372C1DBF /* AgentSession.swift in Sources */ = {isa = PBXBuildFile; fileRef = F5ABE98CBC903A69C89BB489 /* AgentSession.swift */; };
		D9DFCEE891267CBBCCBF712A /* AgentRecord.swift in Sources */ = {isa = PBXBuildFile; fileRef = 75DC1AEC3708DB2C11B17049 /* AgentRecord.swift */; };
		DD82593B849AD44AD31CFED9 /* AgentModeStore.swift in Sources */ = {isa = PBXBuildFile; fileRef = C262FDAD23A0BA84CEA2CBD8 /* AgentModeStore.swift */; };
		DE0B7B978D25095CDE0A806B /* SandboxedArtifactWebView.swift in Sources */ = {isa = PBXBuildFile; fileRef = 9D306A988D6817A4226CE448 /* SandboxedArtifactWebView.swift */; };
		DE0CED7365BEC06AFD91F875 /* InstanceStore.swift in Sources */ = {isa = PBXBuildFile; fileRef = 125D14A1DF2FFFA988BAEC71 /* InstanceStore.swift */; };
		DF62B63F124833DDB417BABD /* VoiceSummaryCardView.swift in Sources */ = {isa = PBXBuildFile; fileRef = 1E08EFDE05133F76965F508F /* VoiceSummaryCardView.swift */; };
		DFD61E74AD745777D77785A1 /* ClerkKit in Frameworks */ = {isa = PBXBuildFile; productRef = 6C2A594830F0F7D144A13619 /* ClerkKit */; };
		E90372B6BFF0C2ABA6FA1B2A /* ChatErrorCardView.swift in Sources */ = {isa = PBXBuildFile; fileRef = 5D1BB41C9486743599A146A5 /* ChatErrorCardView.swift */; };
		EB48BBB9F3A19ACBDB9E533D /* EnvironmentStore.swift in Sources */ = {isa = PBXBuildFile; fileRef = EB5FC664C55551D4AFE4F68F /* EnvironmentStore.swift */; };
		EBD76249148F2229E7E2D842 /* RuntimeModel.swift in Sources */ = {isa = PBXBuildFile; fileRef = FD557129AC5FE54BDF7BE1BC /* RuntimeModel.swift */; };
		EEEB260D41295012A886CC36 /* BrainSpikeView.swift in Sources */ = {isa = PBXBuildFile; fileRef = 548C35B4EA9F99360E661513 /* BrainSpikeView.swift */; };
		F047EB8C6BDC03144EDF1187 /* ModeTheme.swift in Sources */ = {isa = PBXBuildFile; fileRef = 4E7FB6E04286889DF3D4A1A6 /* ModeTheme.swift */; };
		F488AECF2D5DCE640148634E /* OnboardingStore.swift in Sources */ = {isa = PBXBuildFile; fileRef = 85F5DF368763C37AE6E8833E /* OnboardingStore.swift */; };
		F49298921438C5AA2C46674B /* SwiftTerm in Frameworks */ = {isa = PBXBuildFile; productRef = AF55BE800805F2D02D3E45D1 /* SwiftTerm */; };
		F57D14EE6938C6EF8B7BB0C6 /* ReplyItem.swift in Sources */ = {isa = PBXBuildFile; fileRef = 8459DCBDC8777D04BF8EC4EB /* ReplyItem.swift */; };
		F6D6DDC0D959D5D584E0B0EE /* ModelStore.swift in Sources */ = {isa = PBXBuildFile; fileRef = DCCA48BADEE0C298C8F3F832 /* ModelStore.swift */; };
		F704F4A9E639C60E39EAA70F /* AgentSelectionSheet.swift in Sources */ = {isa = PBXBuildFile; fileRef = 50C8CA810B01E6533AB8A789 /* AgentSelectionSheet.swift */; };
		FA39A9D1C72C62138B55E2D5 /* TerminalSessionView.swift in Sources */ = {isa = PBXBuildFile; fileRef = 1C8B054DE7A97A50E230D1A0 /* TerminalSessionView.swift */; };
/* End PBXBuildFile section */

/* Begin PBXFileReference section */
		02B37C727FD0BC60B78752DA /* PreferencesStore.swift */ = {isa = PBXFileReference; lastKnownFileType = sourcecode.swift; path = PreferencesStore.swift; sourceTree = "<group>"; };
		0355A75698898994A2F31C3A /* ChatViewModel.swift */ = {isa = PBXFileReference; lastKnownFileType = sourcecode.swift; path = ChatViewModel.swift; sourceTree = "<group>"; };
		03E34A99F6B335FE86510DB1 /* ArtifactContentLoader.swift */ = {isa = PBXFileReference; lastKnownFileType = sourcecode.swift; path = ArtifactContentLoader.swift; sourceTree = "<group>"; };
		085224ED867F904E2D827ED7 /* BrainGit.swift */ = {isa = PBXFileReference; lastKnownFileType = sourcecode.swift; path = BrainGit.swift; sourceTree = "<group>"; };
		0D011B052E3F3ABA469EBA92 /* CodeModeView.swift */ = {isa = PBXFileReference; lastKnownFileType = sourcecode.swift; path = CodeModeView.swift; sourceTree = "<group>"; };
		0D5F1CC189FE9D76750FA4E6 /* ConnectorsClient.swift */ = {isa = PBXFileReference; lastKnownFileType = sourcecode.swift; path = ConnectorsClient.swift; sourceTree = "<group>"; };
		11D989C244698E307DF2FE26 /* AgentHubView.swift */ = {isa = PBXFileReference; lastKnownFileType = sourcecode.swift; path = AgentHubView.swift; sourceTree = "<group>"; };
		125D14A1DF2FFFA988BAEC71 /* InstanceStore.swift */ = {isa = PBXFileReference; lastKnownFileType = sourcecode.swift; path = InstanceStore.swift; sourceTree = "<group>"; };
		1484FBF4E7FCFDF0EF1262E1 /* ArtifactLibraryStore.swift */ = {isa = PBXFileReference; lastKnownFileType = sourcecode.swift; path = ArtifactLibraryStore.swift; sourceTree = "<group>"; };
		14C7FAC880FC030ADA98B110 /* ProjectDetailView.swift */ = {isa = PBXFileReference; lastKnownFileType = sourcecode.swift; path = ProjectDetailView.swift; sourceTree = "<group>"; };
		15187B0C77E90FFBEE394F9A /* ArtifactDetailsView.swift */ = {isa = PBXFileReference; lastKnownFileType = sourcecode.swift; path = ArtifactDetailsView.swift; sourceTree = "<group>"; };
		155758E1014D4AE63687BCED /* libiconv.tbd */ = {isa = PBXFileReference; lastKnownFileType = "sourcecode.text-based-dylib-definition"; name = libiconv.tbd; path = usr/lib/libiconv.tbd; sourceTree = SDKROOT; };
		15E60D739E1ED3BAF445214F /* BrowserChatView.swift */ = {isa = PBXFileReference; lastKnownFileType = sourcecode.swift; path = BrowserChatView.swift; sourceTree = "<group>"; };
		1995FF94FD09905D0F22DBE6 /* DictationOnboardingSheet.swift */ = {isa = PBXFileReference; lastKnownFileType = sourcecode.swift; path = DictationOnboardingSheet.swift; sourceTree = "<group>"; };
		1C8B054DE7A97A50E230D1A0 /* TerminalSessionView.swift */ = {isa = PBXFileReference; lastKnownFileType = sourcecode.swift; path = TerminalSessionView.swift; sourceTree = "<group>"; };
		1CF7108EB91B4916B1C1C99E /* AllternitApp.swift */ = {isa = PBXFileReference; lastKnownFileType = sourcecode.swift; path = AllternitApp.swift; sourceTree = "<group>"; };
		1E08EFDE05133F76965F508F /* VoiceSummaryCardView.swift */ = {isa = PBXFileReference; lastKnownFileType = sourcecode.swift; path = VoiceSummaryCardView.swift; sourceTree = "<group>"; };
		22911B6B17227946DBEA7DE5 /* APIClient.swift */ = {isa = PBXFileReference; lastKnownFileType = sourcecode.swift; path = APIClient.swift; sourceTree = "<group>"; };
		2381F311EC679E52A7820C09 /* ACIAgentClient.swift */ = {isa = PBXFileReference; lastKnownFileType = sourcecode.swift; path = ACIAgentClient.swift; sourceTree = "<group>"; };
		2799419D39E60F569C3CAC31 /* ConnectorsListView.swift */ = {isa = PBXFileReference; lastKnownFileType = sourcecode.swift; path = ConnectorsListView.swift; sourceTree = "<group>"; };
		28AD3D2F3D54BC3E1C294C07 /* ComposerPlusSheet.swift */ = {isa = PBXFileReference; lastKnownFileType = sourcecode.swift; path = ComposerPlusSheet.swift; sourceTree = "<group>"; };
		2D55AE23DF47255312BD3B49 /* VoiceModeView.swift */ = {isa = PBXFileReference; lastKnownFileType = sourcecode.swift; path = VoiceModeView.swift; sourceTree = "<group>"; };
		2E44F010D96E6FC76D3CE571 /* ACIWebBrowserView.swift */ = {isa = PBXFileReference; lastKnownFileType = sourcecode.swift; path = ACIWebBrowserView.swift; sourceTree = "<group>"; };
		2EA4CD63CB38E3BE58D42166 /* libz.tbd */ = {isa = PBXFileReference; lastKnownFileType = "sourcecode.text-based-dylib-definition"; name = libz.tbd; path = usr/lib/libz.tbd; sourceTree = SDKROOT; };
		2F872E12909F37FC3EB5C89A /* PtyClient.swift */ = {isa = PBXFileReference; lastKnownFileType = sourcecode.swift; path = PtyClient.swift; sourceTree = "<group>"; };
		2FF498E05254A11171F8A560 /* AgentWorkspaceLayout.swift */ = {isa = PBXFileReference; lastKnownFileType = sourcecode.swift; path = AgentWorkspaceLayout.swift; sourceTree = "<group>"; };
		3759BBE0D3CE7A18F3CDC161 /* ResponseNotificationsCard.swift */ = {isa = PBXFileReference; lastKnownFileType = sourcecode.swift; path = ResponseNotificationsCard.swift; sourceTree = "<group>"; };
		384E354DC0746B0247176A44 /* ArtifactsLibraryView.swift */ = {isa = PBXFileReference; lastKnownFileType = sourcecode.swift; path = ArtifactsLibraryView.swift; sourceTree = "<group>"; };
		3924CEA01BDCC8043A376D4E /* AgentChatEvent.swift */ = {isa = PBXFileReference; lastKnownFileType = sourcecode.swift; path = AgentChatEvent.swift; sourceTree = "<group>"; };
		4E7FB6E04286889DF3D4A1A6 /* ModeTheme.swift */ = {isa = PBXFileReference; lastKnownFileType = sourcecode.swift; path = ModeTheme.swift; sourceTree = "<group>"; };
		50C8CA810B01E6533AB8A789 /* AgentSelectionSheet.swift */ = {isa = PBXFileReference; lastKnownFileType = sourcecode.swift; path = AgentSelectionSheet.swift; sourceTree = "<group>"; };
		52277CD4E2534578A9E785F8 /* ReplyEvent.swift */ = {isa = PBXFileReference; lastKnownFileType = sourcecode.swift; path = ReplyEvent.swift; sourceTree = "<group>"; };
		541657CC1F861072387754C4 /* AgentChatClient.swift */ = {isa = PBXFileReference; lastKnownFileType = sourcecode.swift; path = AgentChatClient.swift; sourceTree = "<group>"; };
		548C35B4EA9F99360E661513 /* BrainSpikeView.swift */ = {isa = PBXFileReference; lastKnownFileType = sourcecode.swift; path = BrainSpikeView.swift; sourceTree = "<group>"; };
		54A65D23DCABF32B76CA2982 /* AgentHubStore.swift */ = {isa = PBXFileReference; lastKnownFileType = sourcecode.swift; path = AgentHubStore.swift; sourceTree = "<group>"; };
		563960A3AC57DCEFE6DADD4B /* ACIEvent.swift */ = {isa = PBXFileReference; lastKnownFileType = sourcecode.swift; path = ACIEvent.swift; sourceTree = "<group>"; };
		59F0F883C961CE5C29AD0B21 /* SettingsView.swift */ = {isa = PBXFileReference; lastKnownFileType = sourcecode.swift; path = SettingsView.swift; sourceTree = "<group>"; };
		5B0065E7EBFC9CF076C7C77C /* AttachmentStore.swift */ = {isa = PBXFileReference; lastKnownFileType = sourcecode.swift; path = AttachmentStore.swift; sourceTree = "<group>"; };
		5D1BB41C9486743599A146A5 /* ChatErrorCardView.swift */ = {isa = PBXFileReference; lastKnownFileType = sourcecode.swift; path = ChatErrorCardView.swift; sourceTree = "<group>"; };
		62A63A32019B982AEB95024D /* AppMode.swift */ = {isa = PBXFileReference; lastKnownFileType = sourcecode.swift; path = AppMode.swift; sourceTree = "<group>"; };
		633FE6BD8A7B1B4D43EF53AF /* ModelPickerSheet.swift */ = {isa = PBXFileReference; lastKnownFileType = sourcecode.swift; path = ModelPickerSheet.swift; sourceTree = "<group>"; };
		6B8F10ADBC50ECB7FB85AF6A /* HistorySidebarView.swift */ = {isa = PBXFileReference; lastKnownFileType = sourcecode.swift; path = HistorySidebarView.swift; sourceTree = "<group>"; };
		6BF08861508C7252E3641B3A /* NewProjectSheet.swift */ = {isa = PBXFileReference; lastKnownFileType = sourcecode.swift; path = NewProjectSheet.swift; sourceTree = "<group>"; };
		6D086E0C0BC3296625734880 /* AppConfig.swift */ = {isa = PBXFileReference; lastKnownFileType = sourcecode.swift; path = AppConfig.swift; sourceTree = "<group>"; };
		6FF93BF3011FB990CFCC5926 /* PreferencesClient.swift */ = {isa = PBXFileReference; lastKnownFileType = sourcecode.swift; path = PreferencesClient.swift; sourceTree = "<group>"; };
		7033B3B07143C73EBE3EA4EC /* AgentSummary.swift */ = {isa = PBXFileReference; lastKnownFileType = sourcecode.swift; path = AgentSummary.swift; sourceTree = "<group>"; };
		75DC1AEC3708DB2C11B17049 /* AgentRecord.swift */ = {isa = PBXFileReference; lastKnownFileType = sourcecode.swift; path = AgentRecord.swift; sourceTree = "<group>"; };
		7C3D796D48E71F1D3AD44224 /* Allternit.app */ = {isa = PBXFileReference; includeInIndex = 0; lastKnownFileType = wrapper.application; path = Allternit.app; sourceTree = BUILT_PRODUCTS_DIR; };
		8459DCBDC8777D04BF8EC4EB /* ReplyItem.swift */ = {isa = PBXFileReference; lastKnownFileType = sourcecode.swift; path = ReplyItem.swift; sourceTree = "<group>"; };
		85F5DF368763C37AE6E8833E /* OnboardingStore.swift */ = {isa = PBXFileReference; lastKnownFileType = sourcecode.swift; path = OnboardingStore.swift; sourceTree = "<group>"; };
		880590A0CE7FD850A74E8947 /* ACITabView.swift */ = {isa = PBXFileReference; lastKnownFileType = sourcecode.swift; path = ACITabView.swift; sourceTree = "<group>"; };
		887CDFC4A5518363187308C7 /* UsageLimitViews.swift */ = {isa = PBXFileReference; lastKnownFileType = sourcecode.swift; path = UsageLimitViews.swift; sourceTree = "<group>"; };
		8E01CE023D9AC41B3CDF4E3F /* AuthManager.swift */ = {isa = PBXFileReference; lastKnownFileType = sourcecode.swift; path = AuthManager.swift; sourceTree = "<group>"; };
		8EA82180F7A2046DAEA52E6F /* ChatView.swift */ = {isa = PBXFileReference; lastKnownFileType = sourcecode.swift; path = ChatView.swift; sourceTree = "<group>"; };
		91C770057CDB7F7249B6EE0D /* OnboardingView.swift */ = {isa = PBXFileReference; lastKnownFileType = sourcecode.swift; path = OnboardingView.swift; sourceTree = "<group>"; };
		92576416EF984EB91D9A016E /* WorkspaceFileEditorView.swift */ = {isa = PBXFileReference; lastKnownFileType = sourcecode.swift; path = WorkspaceFileEditorView.swift; sourceTree = "<group>"; };
		93E956710126053EB031C4BB /* CoworkProject.swift */ = {isa = PBXFileReference; lastKnownFileType = sourcecode.swift; path = CoworkProject.swift; sourceTree = "<group>"; };
		976C7758D4F8559596C88B1E /* VoiceModeViewModel.swift */ = {isa = PBXFileReference; lastKnownFileType = sourcecode.swift; path = VoiceModeViewModel.swift; sourceTree = "<group>"; };
		97879A6011085454783C2713 /* AgentIdenticonView.swift */ = {isa = PBXFileReference; lastKnownFileType = sourcecode.swift; path = AgentIdenticonView.swift; sourceTree = "<group>"; };
		9A74A8A29D50F0BE64114352 /* DictationController.swift */ = {isa = PBXFileReference; lastKnownFileType = sourcecode.swift; path = DictationController.swift; sourceTree = "<group>"; };
		9AC5DA69A46A6B20CD3FB8BF /* MessageRow.swift */ = {isa = PBXFileReference; lastKnownFileType = sourcecode.swift; path = MessageRow.swift; sourceTree = "<group>"; };
		9D306A988D6817A4226CE448 /* SandboxedArtifactWebView.swift */ = {isa = PBXFileReference; lastKnownFileType = sourcecode.swift; path = SandboxedArtifactWebView.swift; sourceTree = "<group>"; };
		ABBB4775FDD12CEECFBA773E /* Assets.xcassets */ = {isa = PBXFileReference; lastKnownFileType = folder.assetcatalog; path = Assets.xcassets; sourceTree = "<group>"; };
		AC42714771756864D08FB907 /* CanvasClient.swift */ = {isa = PBXFileReference; lastKnownFileType = sourcecode.swift; path = CanvasClient.swift; sourceTree = "<group>"; };
		AC759A283B3A7CA4AE285758 /* NotificationService.swift */ = {isa = PBXFileReference; lastKnownFileType = sourcecode.swift; path = NotificationService.swift; sourceTree = "<group>"; };
		AD4A6EAC43075AE58679AEF3 /* ProjectsListView.swift */ = {isa = PBXFileReference; lastKnownFileType = sourcecode.swift; path = ProjectsListView.swift; sourceTree = "<group>"; };
		ADC22289020633B79A4877ED /* MemoryClient.swift */ = {isa = PBXFileReference; lastKnownFileType = sourcecode.swift; path = MemoryClient.swift; sourceTree = "<group>"; };
		AE61B45DBC74809757BE9AEC /* AgentClient.swift */ = {isa = PBXFileReference; lastKnownFileType = sourcecode.swift; path = AgentClient.swift; sourceTree = "<group>"; };
		B7F3B173705B7F5941BDC4FE /* SafariView.swift */ = {isa = PBXFileReference; lastKnownFileType = sourcecode.swift; path = SafariView.swift; sourceTree = "<group>"; };
		B85F6678BE960D0995556FE6 /* MeshEnrollClient.swift */ = {isa = PBXFileReference; lastKnownFileType = sourcecode.swift; path = MeshEnrollClient.swift; sourceTree = "<group>"; };
		B88B65FA4B5A3288485C10A4 /* MeshClient.swift */ = {isa = PBXFileReference; lastKnownFileType = sourcecode.swift; path = MeshClient.swift; sourceTree = "<group>"; };
		BB1A0D0734D3D239827ECD6A /* SettingsStore.swift */ = {isa = PBXFileReference; lastKnownFileType = sourcecode.swift; path = SettingsStore.swift; sourceTree = "<group>"; };
		BBE8F35E82EC2D8E0341AA8D /* MemoryModels.swift */ = {isa = PBXFileReference; lastKnownFileType = sourcecode.swift; path = MemoryModels.swift; sourceTree = "<group>"; };
		BE3CC250492B1313864FA19D /* PermissionPrimingSheet.swift */ = {isa = PBXFileReference; lastKnownFileType = sourcecode.swift; path = PermissionPrimingSheet.swift; sourceTree = "<group>"; };
		C06CD7152FFD4F0D52DD4BBA /* AgentDetailView.swift */ = {isa = PBXFileReference; lastKnownFileType = sourcecode.swift; path = AgentDetailView.swift; sourceTree = "<group>"; };
		C262FDAD23A0BA84CEA2CBD8 /* AgentModeStore.swift */ = {isa = PBXFileReference; lastKnownFileType = sourcecode.swift; path = AgentModeStore.swift; sourceTree = "<group>"; };
		C391FEC5AE3DBB58A5866E03 /* MessageActionBar.swift */ = {isa = PBXFileReference; lastKnownFileType = sourcecode.swift; path = MessageActionBar.swift; sourceTree = "<group>"; };
		C7B9F283E2DE6838A4FDF9C4 /* Mesh.xcframework */ = {isa = PBXFileReference; lastKnownFileType = wrapper.xcframework; name = Mesh.xcframework; path = Frameworks/Mesh.xcframework; sourceTree = "<group>"; };
		D11953529A9295E82BD8B098 /* MemorySettingsView.swift */ = {isa = PBXFileReference; lastKnownFileType = sourcecode.swift; path = MemorySettingsView.swift; sourceTree = "<group>"; };
		D45673F8E41471638BD2E334 /* Color+Theme.swift */ = {isa = PBXFileReference; lastKnownFileType = sourcecode.swift; path = "Color+Theme.swift"; sourceTree = "<group>"; };
		D61E57FF032550F43AAC67BD /* Reply.swift */ = {isa = PBXFileReference; lastKnownFileType = sourcecode.swift; path = Reply.swift; sourceTree = "<group>"; };
		DA805C4BABCE1FA5CE5E38E1 /* libgit2.xcframework */ = {isa = PBXFileReference; lastKnownFileType = wrapper.xcframework; name = libgit2.xcframework; path = Frameworks/libgit2.xcframework; sourceTree = "<group>"; };
		DC7E9C031AD14F62A5837B4B /* Conversation.swift */ = {isa = PBXFileReference; lastKnownFileType = sourcecode.swift; path = Conversation.swift; sourceTree = "<group>"; };
		DCCA48BADEE0C298C8F3F832 /* ModelStore.swift */ = {isa = PBXFileReference; lastKnownFileType = sourcecode.swift; path = ModelStore.swift; sourceTree = "<group>"; };
		DF7B74CD03BCD43CEFF3B203 /* ProjectStore.swift */ = {isa = PBXFileReference; lastKnownFileType = sourcecode.swift; path = ProjectStore.swift; sourceTree = "<group>"; };
		E10652B6A3C4031AC35E7A7D /* ToolOptionsStore.swift */ = {isa = PBXFileReference; lastKnownFileType = sourcecode.swift; path = ToolOptionsStore.swift; sourceTree = "<group>"; };
		E44A5FBBCC1751E77BAB353F /* VoiceSettingsSheet.swift */ = {isa = PBXFileReference; lastKnownFileType = sourcecode.swift; path = VoiceSettingsSheet.swift; sourceTree = "<group>"; };
		E471B33D6779D3C68395D818 /* InstancesClient.swift */ = {isa = PBXFileReference; lastKnownFileType = sourcecode.swift; path = InstancesClient.swift; sourceTree = "<group>"; };
		EB5FC664C55551D4AFE4F68F /* EnvironmentStore.swift */ = {isa = PBXFileReference; lastKnownFileType = sourcecode.swift; path = EnvironmentStore.swift; sourceTree = "<group>"; };
		ECCF48884128341077961F98 /* UsageStore.swift */ = {isa = PBXFileReference; lastKnownFileType = sourcecode.swift; path = UsageStore.swift; sourceTree = "<group>"; };
		F0A28F6341B679B8457003DB /* Connector.swift */ = {isa = PBXFileReference; lastKnownFileType = sourcecode.swift; path = Connector.swift; sourceTree = "<group>"; };
		F5ABE98CBC903A69C89BB489 /* AgentSession.swift */ = {isa = PBXFileReference; lastKnownFileType = sourcecode.swift; path = AgentSession.swift; sourceTree = "<group>"; };
		F7AEC5CF2FBE0926C09D8DDF /* ACIAgentRunView.swift */ = {isa = PBXFileReference; lastKnownFileType = sourcecode.swift; path = ACIAgentRunView.swift; sourceTree = "<group>"; };
		F7DD389A8BFF1E5E0EF97F81 /* ProjectsClient.swift */ = {isa = PBXFileReference; lastKnownFileType = sourcecode.swift; path = ProjectsClient.swift; sourceTree = "<group>"; };
		FD557129AC5FE54BDF7BE1BC /* RuntimeModel.swift */ = {isa = PBXFileReference; lastKnownFileType = sourcecode.swift; path = RuntimeModel.swift; sourceTree = "<group>"; };
/* End PBXFileReference section */

/* Begin PBXFrameworksBuildPhase section */
		FE245E6E1EC04219C0D019BA /* Frameworks */ = {
			isa = PBXFrameworksBuildPhase;
			buildActionMask = 2147483647;
			files = (
				19E0767DE23B690FFA6BE33A /* Mesh.xcframework in Frameworks */,
				5688B76740E94B1F0608B2FB /* libgit2.xcframework in Frameworks */,
				18C9EB8E0CDD8146822E1E05 /* libz.tbd in Frameworks */,
				819AC1D939BC82773FF58BE4 /* libiconv.tbd in Frameworks */,
				DFD61E74AD745777D77785A1 /* ClerkKit in Frameworks */,
				C2937A44D490892AF6C00188 /* ClerkKitUI in Frameworks */,
				40C9CBF6F83731D28F941789 /* MarkdownView in Frameworks */,
				2CEE9C83C47EEEAFDCE4ED2B /* Runestone in Frameworks */,
				F49298921438C5AA2C46674B /* SwiftTerm in Frameworks */,
			);
			runOnlyForDeploymentPostprocessing = 0;
		};
/* End PBXFrameworksBuildPhase section */

/* Begin PBXGroup section */
		0F9B52D227F7C31F30C42631 /* Connectors */ = {
			isa = PBXGroup;
			children = (
				2799419D39E60F569C3CAC31 /* ConnectorsListView.swift */,
			);
			path = Connectors;
			sourceTree = "<group>";
		};
		1158C1010E8C7FC28DF8B31E /* Models */ = {
			isa = PBXGroup;
			children = (
				563960A3AC57DCEFE6DADD4B /* ACIEvent.swift */,
			);
			path = Models;
			sourceTree = "<group>";
		};
		11937EA1437F67594508C73D /* Services */ = {
			isa = PBXGroup;
			children = (
				2381F311EC679E52A7820C09 /* ACIAgentClient.swift */,
			);
			path = Services;
			sourceTree = "<group>";
		};
		1E8CB0B35BED2173B9A534FD /* Mesh */ = {
			isa = PBXGroup;
			children = (
				B88B65FA4B5A3288485C10A4 /* MeshClient.swift */,
			);
			path = Mesh;
			sourceTree = "<group>";
		};
		29B48E2ED1D138BC5FAD33A4 /* Views */ = {
			isa = PBXGroup;
			children = (
				6B8F10ADBC50ECB7FB85AF6A /* HistorySidebarView.swift */,
			);
			path = Views;
			sourceTree = "<group>";
		};
		2EE49961CE68434D0D593ECB /* Views */ = {
			isa = PBXGroup;
			children = (
				6BF08861508C7252E3641B3A /* NewProjectSheet.swift */,
				14C7FAC880FC030ADA98B110 /* ProjectDetailView.swift */,
				AD4A6EAC43075AE58679AEF3 /* ProjectsListView.swift */,
			);
			path = Views;
			sourceTree = "<group>";
		};
		370D9EF7EF5FEB19E1DE14E8 /* Code */ = {
			isa = PBXGroup;
			children = (
				0D011B052E3F3ABA469EBA92 /* CodeModeView.swift */,
				1C8B054DE7A97A50E230D1A0 /* TerminalSessionView.swift */,
			);
			path = Code;
			sourceTree = "<group>";
		};
		3A8BF9065CEDFF8CBB477934 /* Views */ = {
			isa = PBXGroup;
			children = (
				F7AEC5CF2FBE0926C09D8DDF /* ACIAgentRunView.swift */,
				880590A0CE7FD850A74E8947 /* ACITabView.swift */,
				2E44F010D96E6FC76D3CE571 /* ACIWebBrowserView.swift */,
				15E60D739E1ED3BAF445214F /* BrowserChatView.swift */,
			);
			path = Views;
			sourceTree = "<group>";
		};
		42EEC45547DBFC90712637DD /* API */ = {
			isa = PBXGroup;
			children = (
				541657CC1F861072387754C4 /* AgentChatClient.swift */,
				AE61B45DBC74809757BE9AEC /* AgentClient.swift */,
				22911B6B17227946DBEA7DE5 /* APIClient.swift */,
				AC42714771756864D08FB907 /* CanvasClient.swift */,
				0D5F1CC189FE9D76750FA4E6 /* ConnectorsClient.swift */,
				E471B33D6779D3C68395D818 /* InstancesClient.swift */,
				ADC22289020633B79A4877ED /* MemoryClient.swift */,
				B85F6678BE960D0995556FE6 /* MeshEnrollClient.swift */,
				6FF93BF3011FB990CFCC5926 /* PreferencesClient.swift */,
				F7DD389A8BFF1E5E0EF97F81 /* ProjectsClient.swift */,
				2F872E12909F37FC3EB5C89A /* PtyClient.swift */,
				92E9010FD0D4757566D313D1 /* Models */,
			);
			path = API;
			sourceTree = "<group>";
		};
		4821018A9956AE2EAC939840 /* Onboarding */ = {
			isa = PBXGroup;
			children = (
				85F5DF368763C37AE6E8833E /* OnboardingStore.swift */,
				91C770057CDB7F7249B6EE0D /* OnboardingView.swift */,
			);
			path = Onboarding;
			sourceTree = "<group>";
		};
		50599527A4B2A0EE373AE4D7 = {
			isa = PBXGroup;
			children = (
				ABBB4775FDD12CEECFBA773E /* Assets.xcassets */,
				C59451C9C5AF1F1876D6EAD7 /* App */,
				7921E05DCB410BADD7E8972A /* Core */,
				9532FC532890F989B64EA885 /* Features */,
				81BC9F98A3EDD9FE122FE8FE /* Frameworks */,
				D0DFF4C5CD5504689090FDDE /* Products */,
			);
			sourceTree = "<group>";
		};
		52E891D24571F713177AAA2A /* Auth */ = {
			isa = PBXGroup;
			children = (
				8E01CE023D9AC41B3CDF4E3F /* AuthManager.swift */,
			);
			path = Auth;
			sourceTree = "<group>";
		};
		5308CC2C0D21F6B5639F8617 /* DesignSystem */ = {
			isa = PBXGroup;
			children = (
				D45673F8E41471638BD2E334 /* Color+Theme.swift */,
				4E7FB6E04286889DF3D4A1A6 /* ModeTheme.swift */,
			);
			path = DesignSystem;
			sourceTree = "<group>";
		};
		60C8BC47827941A5797E9C4A /* Chat */ = {
			isa = PBXGroup;
			children = (
				D9E72DA50579D4BB7A1DCDBA /* Services */,
				D8E5722943F677A23481C077 /* ViewModels */,
				CF50D8CAAF97046FB77402D5 /* Views */,
			);
			path = Chat;
			sourceTree = "<group>";
		};
		7921E05DCB410BADD7E8972A /* Core */ = {
			isa = PBXGroup;
			children = (
				54A65D23DCABF32B76CA2982 /* AgentHubStore.swift */,
				C262FDAD23A0BA84CEA2CBD8 /* AgentModeStore.swift */,
				6D086E0C0BC3296625734880 /* AppConfig.swift */,
				62A63A32019B982AEB95024D /* AppMode.swift */,
				EB5FC664C55551D4AFE4F68F /* EnvironmentStore.swift */,
				125D14A1DF2FFFA988BAEC71 /* InstanceStore.swift */,
				DCCA48BADEE0C298C8F3F832 /* ModelStore.swift */,
				02B37C727FD0BC60B78752DA /* PreferencesStore.swift */,
				DF7B74CD03BCD43CEFF3B203 /* ProjectStore.swift */,
				BB1A0D0734D3D239827ECD6A /* SettingsStore.swift */,
				E10652B6A3C4031AC35E7A7D /* ToolOptionsStore.swift */,
				ECCF48884128341077961F98 /* UsageStore.swift */,
				42EEC45547DBFC90712637DD /* API */,
				52E891D24571F713177AAA2A /* Auth */,
				5308CC2C0D21F6B5639F8617 /* DesignSystem */,
				1E8CB0B35BED2173B9A534FD /* Mesh */,
			);
			path = Core;
			sourceTree = "<group>";
		};
		7E07879AB588E834BD65090D /* History */ = {
			isa = PBXGroup;
			children = (
				29B48E2ED1D138BC5FAD33A4 /* Views */,
			);
			path = History;
			sourceTree = "<group>";
		};
		81BC9F98A3EDD9FE122FE8FE /* Frameworks */ = {
			isa = PBXGroup;
			children = (
				DA805C4BABCE1FA5CE5E38E1 /* libgit2.xcframework */,
				155758E1014D4AE63687BCED /* libiconv.tbd */,
				2EA4CD63CB38E3BE58D42166 /* libz.tbd */,
				C7B9F283E2DE6838A4FDF9C4 /* Mesh.xcframework */,
			);
			name = Frameworks;
			sourceTree = "<group>";
		};
		84568374974BC58963824BF5 /* Artifacts */ = {
			isa = PBXGroup;
			children = (
				03E34A99F6B335FE86510DB1 /* ArtifactContentLoader.swift */,
				1484FBF4E7FCFDF0EF1262E1 /* ArtifactLibraryStore.swift */,
				E76542592605709295F5E294 /* Views */,
			);
			path = Artifacts;
			sourceTree = "<group>";
		};
		92E9010FD0D4757566D313D1 /* Models */ = {
			isa = PBXGroup;
			children = (
				3924CEA01BDCC8043A376D4E /* AgentChatEvent.swift */,
				75DC1AEC3708DB2C11B17049 /* AgentRecord.swift */,
				F5ABE98CBC903A69C89BB489 /* AgentSession.swift */,
				7033B3B07143C73EBE3EA4EC /* AgentSummary.swift */,
				F0A28F6341B679B8457003DB /* Connector.swift */,
				DC7E9C031AD14F62A5837B4B /* Conversation.swift */,
				93E956710126053EB031C4BB /* CoworkProject.swift */,
				BBE8F35E82EC2D8E0341AA8D /* MemoryModels.swift */,
				D61E57FF032550F43AAC67BD /* Reply.swift */,
				52277CD4E2534578A9E785F8 /* ReplyEvent.swift */,
				8459DCBDC8777D04BF8EC4EB /* ReplyItem.swift */,
				FD557129AC5FE54BDF7BE1BC /* RuntimeModel.swift */,
			);
			path = Models;
			sourceTree = "<group>";
		};
		9532FC532890F989B64EA885 /* Features */ = {
			isa = PBXGroup;
			children = (
				C0B056C328EA330D52B056F0 /* ACI */,
				990776ACA0D91BDA24DC6E7D /* Agents */,
				84568374974BC58963824BF5 /* Artifacts */,
				60C8BC47827941A5797E9C4A /* Chat */,
				370D9EF7EF5FEB19E1DE14E8 /* Code */,
				0F9B52D227F7C31F30C42631 /* Connectors */,
				7E07879AB588E834BD65090D /* History */,
				4821018A9956AE2EAC939840 /* Onboarding */,
				DB959E979C81A3A654188B6C /* Projects */,
				DDFF322C789AF15F6EA00CA3 /* Settings */,
			);
			path = Features;
			sourceTree = "<group>";
		};
		990776ACA0D91BDA24DC6E7D /* Agents */ = {
			isa = PBXGroup;
			children = (
				C06CD7152FFD4F0D52DD4BBA /* AgentDetailView.swift */,
				11D989C244698E307DF2FE26 /* AgentHubView.swift */,
				97879A6011085454783C2713 /* AgentIdenticonView.swift */,
				2FF498E05254A11171F8A560 /* AgentWorkspaceLayout.swift */,
				92576416EF984EB91D9A016E /* WorkspaceFileEditorView.swift */,
			);
			path = Agents;
			sourceTree = "<group>";
		};
		C0B056C328EA330D52B056F0 /* ACI */ = {
			isa = PBXGroup;
			children = (
				1158C1010E8C7FC28DF8B31E /* Models */,
				11937EA1437F67594508C73D /* Services */,
				3A8BF9065CEDFF8CBB477934 /* Views */,
			);
			path = ACI;
			sourceTree = "<group>";
		};
		C59451C9C5AF1F1876D6EAD7 /* App */ = {
			isa = PBXGroup;
			children = (
				1CF7108EB91B4916B1C1C99E /* AllternitApp.swift */,
			);
			path = App;
			sourceTree = "<group>";
		};
		CF50D8CAAF97046FB77402D5 /* Views */ = {
			isa = PBXGroup;
			children = (
				50C8CA810B01E6533AB8A789 /* AgentSelectionSheet.swift */,
				5D1BB41C9486743599A146A5 /* ChatErrorCardView.swift */,
				8EA82180F7A2046DAEA52E6F /* ChatView.swift */,
				28AD3D2F3D54BC3E1C294C07 /* ComposerPlusSheet.swift */,
				1995FF94FD09905D0F22DBE6 /* DictationOnboardingSheet.swift */,
				C391FEC5AE3DBB58A5866E03 /* MessageActionBar.swift */,
				9AC5DA69A46A6B20CD3FB8BF /* MessageRow.swift */,
				633FE6BD8A7B1B4D43EF53AF /* ModelPickerSheet.swift */,
				BE3CC250492B1313864FA19D /* PermissionPrimingSheet.swift */,
				3759BBE0D3CE7A18F3CDC161 /* ResponseNotificationsCard.swift */,
				887CDFC4A5518363187308C7 /* UsageLimitViews.swift */,
				D959806CFDF9C47AE9C5A123 /* Voice */,
			);
			path = Views;
			sourceTree = "<group>";
		};
		D0DFF4C5CD5504689090FDDE /* Products */ = {
			isa = PBXGroup;
			children = (
				7C3D796D48E71F1D3AD44224 /* Allternit.app */,
			);
			name = Products;
			sourceTree = "<group>";
		};
		D8E5722943F677A23481C077 /* ViewModels */ = {
			isa = PBXGroup;
			children = (
				0355A75698898994A2F31C3A /* ChatViewModel.swift */,
				976C7758D4F8559596C88B1E /* VoiceModeViewModel.swift */,
			);
			path = ViewModels;
			sourceTree = "<group>";
		};
		D959806CFDF9C47AE9C5A123 /* Voice */ = {
			isa = PBXGroup;
			children = (
				2D55AE23DF47255312BD3B49 /* VoiceModeView.swift */,
				E44A5FBBCC1751E77BAB353F /* VoiceSettingsSheet.swift */,
				1E08EFDE05133F76965F508F /* VoiceSummaryCardView.swift */,
			);
			path = Voice;
			sourceTree = "<group>";
		};
		D9E72DA50579D4BB7A1DCDBA /* Services */ = {
			isa = PBXGroup;
			children = (
				5B0065E7EBFC9CF076C7C77C /* AttachmentStore.swift */,
				9A74A8A29D50F0BE64114352 /* DictationController.swift */,
				AC759A283B3A7CA4AE285758 /* NotificationService.swift */,
			);
			path = Services;
			sourceTree = "<group>";
		};
		DB959E979C81A3A654188B6C /* Projects */ = {
			isa = PBXGroup;
			children = (
				2EE49961CE68434D0D593ECB /* Views */,
			);
			path = Projects;
			sourceTree = "<group>";
		};
		DCAD13AFBFFF560038AF9894 /* BrainSpike */ = {
			isa = PBXGroup;
			children = (
				085224ED867F904E2D827ED7 /* BrainGit.swift */,
				548C35B4EA9F99360E661513 /* BrainSpikeView.swift */,
			);
			path = BrainSpike;
			sourceTree = "<group>";
		};
		DDFF322C789AF15F6EA00CA3 /* Settings */ = {
			isa = PBXGroup;
			children = (
				D11953529A9295E82BD8B098 /* MemorySettingsView.swift */,
				B7F3B173705B7F5941BDC4FE /* SafariView.swift */,
				59F0F883C961CE5C29AD0B21 /* SettingsView.swift */,
				DCAD13AFBFFF560038AF9894 /* BrainSpike */,
			);
			path = Settings;
			sourceTree = "<group>";
		};
		E76542592605709295F5E294 /* Views */ = {
			isa = PBXGroup;
			children = (
				15187B0C77E90FFBEE394F9A /* ArtifactDetailsView.swift */,
				384E354DC0746B0247176A44 /* ArtifactsLibraryView.swift */,
				9D306A988D6817A4226CE448 /* SandboxedArtifactWebView.swift */,
			);
			path = Views;
			sourceTree = "<group>";
		};
/* End PBXGroup section */

/* Begin PBXNativeTarget section */
		41C94F99E2BF25DE0B2479AD /* Allternit */ = {
			isa = PBXNativeTarget;
			buildConfigurationList = 9B4FA23284D0AA6BA1C73147 /* Build configuration list for PBXNativeTarget "Allternit" */;
			buildPhases = (
				A827053573F809DF6720C7B6 /* Sources */,
				2B55460717156F5A4114F4C4 /* Resources */,
				FE245E6E1EC04219C0D019BA /* Frameworks */,
			);
			buildRules = (
			);
			dependencies = (
			);
			name = Allternit;
			packageProductDependencies = (
				6C2A594830F0F7D144A13619 /* ClerkKit */,
				D278352A3F8948B9D661A9F1 /* ClerkKitUI */,
				D405AC10DE427A173D4FA3C2 /* MarkdownView */,
				A8A3C701861EEE87CDB63E1F /* Runestone */,
				AF55BE800805F2D02D3E45D1 /* SwiftTerm */,
			);
			productName = Allternit;
			productReference = 7C3D796D48E71F1D3AD44224 /* Allternit.app */;
			productType = "com.apple.product-type.application";
		};
/* End PBXNativeTarget section */

/* Begin PBXProject section */
		9FF4550AA511F7D26AB2C54D /* Project object */ = {
			isa = PBXProject;
			attributes = {
				BuildIndependentTargetsInParallel = YES;
				LastUpgradeCheck = 1430;
				TargetAttributes = {
					41C94F99E2BF25DE0B2479AD = {
						DevelopmentTeam = "";
						ProvisioningStyle = Automatic;
					};
				};
			};
			buildConfigurationList = 3350D37CCA5E38349F7910A6 /* Build configuration list for PBXProject "Allternit" */;
			developmentRegion = en;
			hasScannedForEncodings = 0;
			knownRegions = (
				Base,
				en,
			);
			mainGroup = 50599527A4B2A0EE373AE4D7;
			minimizedProjectReferenceProxies = 1;
			packageReferences = (
				D32D39598349EE47DCF6D3AF /* XCRemoteSwiftPackageReference "MarkdownView" */,
				1D595001E07884544B0D5167 /* XCRemoteSwiftPackageReference "Runestone" */,
				06F5066EDF7BD3A7B6BFD43F /* XCRemoteSwiftPackageReference "SwiftTerm" */,
				6D8D760FFC5E0AF1298D9A79 /* XCRemoteSwiftPackageReference "clerk-ios" */,
			);
			preferredProjectObjectVersion = 77;
			productRefGroup = D0DFF4C5CD5504689090FDDE /* Products */;
			projectDirPath = "";
			projectRoot = "";
			targets = (
				41C94F99E2BF25DE0B2479AD /* Allternit */,
			);
		};
/* End PBXProject section */

/* Begin PBXResourcesBuildPhase section */
		2B55460717156F5A4114F4C4 /* Resources */ = {
			isa = PBXResourcesBuildPhase;
			buildActionMask = 2147483647;
			files = (
				3EE0E044F4077F8DB8B11647 /* Assets.xcassets in Resources */,
			);
			runOnlyForDeploymentPostprocessing = 0;
		};
/* End PBXResourcesBuildPhase section */

/* Begin PBXSourcesBuildPhase section */
		A827053573F809DF6720C7B6 /* Sources */ = {
			isa = PBXSourcesBuildPhase;
			buildActionMask = 2147483647;
			files = (
				C2434839F06E94F192B828B1 /* ACIAgentClient.swift in Sources */,
				239DD97E2CE53C524C621776 /* ACIAgentRunView.swift in Sources */,
				BD7F631405D1D2919CF47B8E /* ACIEvent.swift in Sources */,
				38635404CB2E2C594C12E7D3 /* ACITabView.swift in Sources */,
				A13EBC26EEE05FA56A9BC433 /* ACIWebBrowserView.swift in Sources */,
				33FD9E0103C6E6CB0B6BC080 /* APIClient.swift in Sources */,
				427BD04C4035802EF79C5B2C /* AgentChatClient.swift in Sources */,
				4374BFB850030EEDA982C746 /* AgentChatEvent.swift in Sources */,
				06F602A79C25DD9AD0AEC44C /* AgentClient.swift in Sources */,
				BD61D10FB3866AD43AF5C5EC /* AgentDetailView.swift in Sources */,
				3957E06834F85090B3F7EB1C /* AgentHubStore.swift in Sources */,
				4F0553D0FF20CC59EC2571E6 /* AgentHubView.swift in Sources */,
				0297C8B87DFFF875750E61E5 /* AgentIdenticonView.swift in Sources */,
				DD82593B849AD44AD31CFED9 /* AgentModeStore.swift in Sources */,
				D9DFCEE891267CBBCCBF712A /* AgentRecord.swift in Sources */,
				F704F4A9E639C60E39EAA70F /* AgentSelectionSheet.swift in Sources */,
				D7CB3ECC567DA0E6372C1DBF /* AgentSession.swift in Sources */,
				0C015744FC1DFDCC740E25A1 /* AgentSummary.swift in Sources */,
				6EBCD38026960953E68E4CE4 /* AgentWorkspaceLayout.swift in Sources */,
				08B6459B667F19EC706241E2 /* AllternitApp.swift in Sources */,
				2E46FBCE540795234E4CCC06 /* AppConfig.swift in Sources */,
				A895E2F6A5440D7E40BA8F2C /* AppMode.swift in Sources */,
				2AF88D8EAD207BC7586A817D /* ArtifactContentLoader.swift in Sources */,
				93268B9EABC62F8BC790B16F /* ArtifactDetailsView.swift in Sources */,
				B0F6225E255785813E033F4A /* ArtifactLibraryStore.swift in Sources */,
				93BBEF8FB0B6058E47480A86 /* ArtifactsLibraryView.swift in Sources */,
				125F2B988317D7169C94600F /* AttachmentStore.swift in Sources */,
				7B938F56B68E8364BCB57D33 /* AuthManager.swift in Sources */,
				7F2FA20199B56C9B95025210 /* BrainGit.swift in Sources */,
				EEEB260D41295012A886CC36 /* BrainSpikeView.swift in Sources */,
				A076803F5886FF12CF36A054 /* BrowserChatView.swift in Sources */,
				5DC5E2B00685DA941532809A /* CanvasClient.swift in Sources */,
				E90372B6BFF0C2ABA6FA1B2A /* ChatErrorCardView.swift in Sources */,
				B7B14D04A0FDE61A3A07DAD8 /* ChatView.swift in Sources */,
				5C96F9899ADE3A7595CD8405 /* ChatViewModel.swift in Sources */,
				6BB4A917B6F16D659FC4505C /* CodeModeView.swift in Sources */,
				9E98F1BC9EA39287BFD70DCD /* Color+Theme.swift in Sources */,
				BC4A7BEB1237004CCFA919A4 /* ComposerPlusSheet.swift in Sources */,
				D03140127825489A37768513 /* Connector.swift in Sources */,
				91A9CC9F276FFA299E656E23 /* ConnectorsClient.swift in Sources */,
				9FED2141772D7016D1172DD7 /* ConnectorsListView.swift in Sources */,
				591A05FFA32180C7E1FAB0C8 /* Conversation.swift in Sources */,
				CFA280024CB6E4DC76505C7D /* CoworkProject.swift in Sources */,
				7AE904B5149210D54A6D8678 /* DictationController.swift in Sources */,
				0521009DBCB7E9ADA1DE803E /* DictationOnboardingSheet.swift in Sources */,
				EB48BBB9F3A19ACBDB9E533D /* EnvironmentStore.swift in Sources */,
				CD6E8FC8C6E89354387BCD63 /* HistorySidebarView.swift in Sources */,
				DE0CED7365BEC06AFD91F875 /* InstanceStore.swift in Sources */,
				15970CE94E88293413A0AE86 /* InstancesClient.swift in Sources */,
				65F58948DB57F802D27C2C7B /* MemoryClient.swift in Sources */,
				AE4827F580E76F77A891EB2A /* MemoryModels.swift in Sources */,
				965ECCD0C479654C756FAAFD /* MemorySettingsView.swift in Sources */,
				AAAC91D038EC9566F923403B /* MeshClient.swift in Sources */,
				A943F45FE89277BE010B3BAB /* MeshEnrollClient.swift in Sources */,
				64AB41A8CA560DB652B20A10 /* MessageActionBar.swift in Sources */,
				20E80A1F2D2626B38DB8EEB4 /* MessageRow.swift in Sources */,
				F047EB8C6BDC03144EDF1187 /* ModeTheme.swift in Sources */,
				D092859BCC05615686EFDAA7 /* ModelPickerSheet.swift in Sources */,
				F6D6DDC0D959D5D584E0B0EE /* ModelStore.swift in Sources */,
				6CC103BAFF1EE2DFE5DCC427 /* NewProjectSheet.swift in Sources */,
				0248D434000A0135847B7ED3 /* NotificationService.swift in Sources */,
				F488AECF2D5DCE640148634E /* OnboardingStore.swift in Sources */,
				145F8258CCC59437E3BBD4CA /* OnboardingView.swift in Sources */,
				CA807701EBE68F492B5E66FA /* PermissionPrimingSheet.swift in Sources */,
				63067F08A2E43C63E14F5FC7 /* PreferencesClient.swift in Sources */,
				3BA3A701E147348083A9F5C9 /* PreferencesStore.swift in Sources */,
				37461B42AB20995C665DD296 /* ProjectDetailView.swift in Sources */,
				A462907889B0CB124DE22969 /* ProjectStore.swift in Sources */,
				6247F7EC99AC623F8DECFA5D /* ProjectsClient.swift in Sources */,
				6E9AABE8B52396935A2AF03E /* ProjectsListView.swift in Sources */,
				9E5B4610C820CE11F367EA94 /* PtyClient.swift in Sources */,
				CFCCA02881CE53E1E9D823C0 /* Reply.swift in Sources */,
				AA58D84ADBC9375DEE9AF094 /* ReplyEvent.swift in Sources */,
				F57D14EE6938C6EF8B7BB0C6 /* ReplyItem.swift in Sources */,
				842B7CC503AF5B23BEBA6977 /* ResponseNotificationsCard.swift in Sources */,
				EBD76249148F2229E7E2D842 /* RuntimeModel.swift in Sources */,
				9063AB02142DA8BE2ED9C9F1 /* SafariView.swift in Sources */,
				DE0B7B978D25095CDE0A806B /* SandboxedArtifactWebView.swift in Sources */,
				1526643C864CF4A2D20144E8 /* SettingsStore.swift in Sources */,
				90479EDA461BD0B88CB8718E /* SettingsView.swift in Sources */,
				FA39A9D1C72C62138B55E2D5 /* TerminalSessionView.swift in Sources */,
				2D730B78F2D9F3C134683690 /* ToolOptionsStore.swift in Sources */,
				C9DEAEE737EDD2D38E876307 /* UsageLimitViews.swift in Sources */,
				B7AA169C1521A363602A7F1D /* UsageStore.swift in Sources */,
				A04A4796644F30C94952A26A /* VoiceModeView.swift in Sources */,
				65A30DEA9A029523CECAA775 /* VoiceModeViewModel.swift in Sources */,
				BD043C18DB50D10AB1D01779 /* VoiceSettingsSheet.swift in Sources */,
				DF62B63F124833DDB417BABD /* VoiceSummaryCardView.swift in Sources */,
				B27578BF382B7826884887F2 /* WorkspaceFileEditorView.swift in Sources */,
			);
			runOnlyForDeploymentPostprocessing = 0;
		};
/* End PBXSourcesBuildPhase section */

/* Begin XCBuildConfiguration section */
		104206A1430ACE943DA50C03 /* Debug */ = {
			isa = XCBuildConfiguration;
			buildSettings = {
				ALWAYS_SEARCH_USER_PATHS = NO;
				CLANG_ANALYZER_NONNULL = YES;
				CLANG_ANALYZER_NUMBER_OBJECT_CONVERSION = YES_AGGRESSIVE;
				CLANG_CXX_LANGUAGE_STANDARD = "gnu++14";
				CLANG_CXX_LIBRARY = "libc++";
				CLANG_ENABLE_MODULES = YES;
				CLANG_ENABLE_OBJC_ARC = YES;
				CLANG_ENABLE_OBJC_WEAK = YES;
				CLANG_WARN_BLOCK_CAPTURE_AUTORELEASING = YES;
				CLANG_WARN_BOOL_CONVERSION = YES;
				CLANG_WARN_COMMA = YES;
				CLANG_WARN_CONSTANT_CONVERSION = YES;
				CLANG_WARN_DEPRECATED_OBJC_IMPLEMENTATIONS = YES;
				CLANG_WARN_DIRECT_OBJC_ISA_USAGE = YES_ERROR;
				CLANG_WARN_DOCUMENTATION_COMMENTS = YES;
				CLANG_WARN_EMPTY_BODY = YES;
				CLANG_WARN_ENUM_CONVERSION = YES;
				CLANG_WARN_INFINITE_RECURSION = YES;
				CLANG_WARN_INT_CONVERSION = YES;
				CLANG_WARN_NON_LITERAL_NULL_CONVERSION = YES;
				CLANG_WARN_OBJC_IMPLICIT_RETAIN_SELF = YES;
				CLANG_WARN_OBJC_LITERAL_CONVERSION = YES;
				CLANG_WARN_OBJC_ROOT_CLASS = YES_ERROR;
				CLANG_WARN_QUOTED_INCLUDE_IN_FRAMEWORK_HEADER = YES;
				CLANG_WARN_RANGE_LOOP_ANALYSIS = YES;
				CLANG_WARN_STRICT_PROTOTYPES = YES;
				CLANG_WARN_SUSPICIOUS_MOVE = YES;
				CLANG_WARN_UNGUARDED_AVAILABILITY = YES_AGGRESSIVE;
				CLANG_WARN_UNREACHABLE_CODE = YES;
				CLANG_WARN__DUPLICATE_METHOD_MATCH = YES;
				COPY_PHASE_STRIP = NO;
				DEBUG_INFORMATION_FORMAT = dwarf;
				ENABLE_STRICT_OBJC_MSGSEND = YES;
				ENABLE_TESTABILITY = YES;
				GCC_C_LANGUAGE_STANDARD = gnu11;
				GCC_DYNAMIC_NO_PIC = NO;
				GCC_NO_COMMON_BLOCKS = YES;
				GCC_OPTIMIZATION_LEVEL = 0;
				GCC_PREPROCESSOR_DEFINITIONS = (
					"$(inherited)",
					"DEBUG=1",
				);
				GCC_WARN_64_TO_32_BIT_CONVERSION = YES;
				GCC_WARN_ABOUT_RETURN_TYPE = YES_ERROR;
				GCC_WARN_UNDECLARED_SELECTOR = YES;
				GCC_WARN_UNINITIALIZED_AUTOS = YES_AGGRESSIVE;
				GCC_WARN_UNUSED_FUNCTION = YES;
				GCC_WARN_UNUSED_VARIABLE = YES;
				IPHONEOS_DEPLOYMENT_TARGET = 17.0;
				MTL_ENABLE_DEBUG_INFO = INCLUDE_SOURCE;
				MTL_FAST_MATH = YES;
				ONLY_ACTIVE_ARCH = YES;
				PRODUCT_NAME = "$(TARGET_NAME)";
				SDKROOT = iphoneos;
				SWIFT_ACTIVE_COMPILATION_CONDITIONS = DEBUG;
				SWIFT_OPTIMIZATION_LEVEL = "-Onone";
				SWIFT_VERSION = 6.0;
			};
			name = Debug;
		};
		B9B03D10B13C0401E61EA4D3 /* Release */ = {
			isa = XCBuildConfiguration;
			buildSettings = {
				ALLTERNIT_API_BASE_URL = "https://api.allternit.com/api/v1";
				ALLTERNIT_GIZZI_CODE_URL = "";
				ALLTERNIT_MESH_CONTROL_URL = "https://allternit-headscale.fly.dev";
				ASSETCATALOG_COMPILER_APPICON_NAME = AppIcon;
				CLERK_PUBLISHABLE_KEY = pk_live_Y2xlcmsucGxhdGZvcm0uYWxsdGVybml0LmNvbSQ;
				CODE_SIGN_ENTITLEMENTS = Allternit.entitlements;
				CODE_SIGN_IDENTITY = "iPhone Developer";
				CODE_SIGN_STYLE = Automatic;
				CURRENT_PROJECT_VERSION = 1;
				DEVELOPMENT_TEAM = "";
				FRAMEWORK_SEARCH_PATHS = (
					"$(inherited)",
					"\"Frameworks\"",
				);
				INFOPLIST_FILE = Info.plist;
				IPHONEOS_DEPLOYMENT_TARGET = 17.0;
				LD_RUNPATH_SEARCH_PATHS = (
					"$(inherited)",
					"@executable_path/Frameworks",
				);
				MARKETING_VERSION = 1.0;
				PRODUCT_BUNDLE_IDENTIFIER = com.allternit.mobile;
				PRODUCT_NAME = Allternit;
				SDKROOT = iphoneos;
				SWIFT_VERSION = 6.0;
				TARGETED_DEVICE_FAMILY = "1,2";
			};
			name = Release;
		};
		D06BD890004A905A7EDFE0C1 /* Debug */ = {
			isa = XCBuildConfiguration;
			buildSettings = {
				ALLTERNIT_API_BASE_URL = "http://127.0.0.1:8013/api/v1";
				ALLTERNIT_GIZZI_CODE_URL = "http://127.0.0.1:4096";
				ALLTERNIT_MESH_CONTROL_URL = "https://allternit-headscale.fly.dev";
				ASSETCATALOG_COMPILER_APPICON_NAME = AppIcon;
				CLERK_PUBLISHABLE_KEY = pk_live_Y2xlcmsucGxhdGZvcm0uYWxsdGVybml0LmNvbSQ;
				CODE_SIGN_ENTITLEMENTS = Allternit.entitlements;
				CODE_SIGN_IDENTITY = "iPhone Developer";
				CODE_SIGN_STYLE = Automatic;
				CURRENT_PROJECT_VERSION = 1;
				DEVELOPMENT_TEAM = "";
				FRAMEWORK_SEARCH_PATHS = (
					"$(inherited)",
					"\"Frameworks\"",
				);
				INFOPLIST_FILE = Info.plist;
				IPHONEOS_DEPLOYMENT_TARGET = 17.0;
				LD_RUNPATH_SEARCH_PATHS = (
					"$(inherited)",
					"@executable_path/Frameworks",
				);
				MARKETING_VERSION = 1.0;
				PRODUCT_BUNDLE_IDENTIFIER = com.allternit.mobile;
				PRODUCT_NAME = Allternit;
				SDKROOT = iphoneos;
				SWIFT_VERSION = 6.0;
				TARGETED_DEVICE_FAMILY = "1,2";
			};
			name = Debug;
		};
		DE1FAC3F9111C81544C0C8EE /* Release */ = {
			isa = XCBuildConfiguration;
			buildSettings = {
				ALWAYS_SEARCH_USER_PATHS = NO;
				CLANG_ANALYZER_NONNULL = YES;
				CLANG_ANALYZER_NUMBER_OBJECT_CONVERSION = YES_AGGRESSIVE;
				CLANG_CXX_LANGUAGE_STANDARD = "gnu++14";
				CLANG_CXX_LIBRARY = "libc++";
				CLANG_ENABLE_MODULES = YES;
				CLANG_ENABLE_OBJC_ARC = YES;
				CLANG_ENABLE_OBJC_WEAK = YES;
				CLANG_WARN_BLOCK_CAPTURE_AUTORELEASING = YES;
				CLANG_WARN_BOOL_CONVERSION = YES;
				CLANG_WARN_COMMA = YES;
				CLANG_WARN_CONSTANT_CONVERSION = YES;
				CLANG_WARN_DEPRECATED_OBJC_IMPLEMENTATIONS = YES;
				CLANG_WARN_DIRECT_OBJC_ISA_USAGE = YES_ERROR;
				CLANG_WARN_DOCUMENTATION_COMMENTS = YES;
				CLANG_WARN_EMPTY_BODY = YES;
				CLANG_WARN_ENUM_CONVERSION = YES;
				CLANG_WARN_INFINITE_RECURSION = YES;
				CLANG_WARN_INT_CONVERSION = YES;
				CLANG_WARN_NON_LITERAL_NULL_CONVERSION = YES;
				CLANG_WARN_OBJC_IMPLICIT_RETAIN_SELF = YES;
				CLANG_WARN_OBJC_LITERAL_CONVERSION = YES;
				CLANG_WARN_OBJC_ROOT_CLASS = YES_ERROR;
				CLANG_WARN_QUOTED_INCLUDE_IN_FRAMEWORK_HEADER = YES;
				CLANG_WARN_RANGE_LOOP_ANALYSIS = YES;
				CLANG_WARN_STRICT_PROTOTYPES = YES;
				CLANG_WARN_SUSPICIOUS_MOVE = YES;
				CLANG_WARN_UNGUARDED_AVAILABILITY = YES_AGGRESSIVE;
				CLANG_WARN_UNREACHABLE_CODE = YES;
				CLANG_WARN__DUPLICATE_METHOD_MATCH = YES;
				COPY_PHASE_STRIP = NO;
				DEBUG_INFORMATION_FORMAT = "dwarf-with-dsym";
				ENABLE_NS_ASSERTIONS = NO;
				ENABLE_STRICT_OBJC_MSGSEND = YES;
				GCC_C_LANGUAGE_STANDARD = gnu11;
				GCC_NO_COMMON_BLOCKS = YES;
				GCC_WARN_64_TO_32_BIT_CONVERSION = YES;
				GCC_WARN_ABOUT_RETURN_TYPE = YES_ERROR;
				GCC_WARN_UNDECLARED_SELECTOR = YES;
				GCC_WARN_UNINITIALIZED_AUTOS = YES_AGGRESSIVE;
				GCC_WARN_UNUSED_FUNCTION = YES;
				GCC_WARN_UNUSED_VARIABLE = YES;
				IPHONEOS_DEPLOYMENT_TARGET = 17.0;
				MTL_ENABLE_DEBUG_INFO = NO;
				MTL_FAST_MATH = YES;
				PRODUCT_NAME = "$(TARGET_NAME)";
				SDKROOT = iphoneos;
				SWIFT_COMPILATION_MODE = wholemodule;
				SWIFT_OPTIMIZATION_LEVEL = "-O";
				SWIFT_VERSION = 6.0;
			};
			name = Release;
		};
/* End XCBuildConfiguration section */

/* Begin XCConfigurationList section */
		3350D37CCA5E38349F7910A6 /* Build configuration list for PBXProject "Allternit" */ = {
			isa = XCConfigurationList;
			buildConfigurations = (
				104206A1430ACE943DA50C03 /* Debug */,
				DE1FAC3F9111C81544C0C8EE /* Release */,
			);
			defaultConfigurationIsVisible = 0;
			defaultConfigurationName = Debug;
		};
		9B4FA23284D0AA6BA1C73147 /* Build configuration list for PBXNativeTarget "Allternit" */ = {
			isa = XCConfigurationList;
			buildConfigurations = (
				D06BD890004A905A7EDFE0C1 /* Debug */,
				B9B03D10B13C0401E61EA4D3 /* Release */,
			);
			defaultConfigurationIsVisible = 0;
			defaultConfigurationName = Debug;
		};
/* End XCConfigurationList section */

/* Begin XCRemoteSwiftPackageReference section */
		06F5066EDF7BD3A7B6BFD43F /* XCRemoteSwiftPackageReference "SwiftTerm" */ = {
			isa = XCRemoteSwiftPackageReference;
			repositoryURL = "https://github.com/migueldeicaza/SwiftTerm";
			requirement = {
				kind = upToNextMajorVersion;
				minimumVersion = 1.2.0;
			};
		};
		1D595001E07884544B0D5167 /* XCRemoteSwiftPackageReference "Runestone" */ = {
			isa = XCRemoteSwiftPackageReference;
			repositoryURL = "https://github.com/simonbs/Runestone";
			requirement = {
				kind = upToNextMajorVersion;
				minimumVersion = 0.5.2;
			};
		};
		6D8D760FFC5E0AF1298D9A79 /* XCRemoteSwiftPackageReference "clerk-ios" */ = {
			isa = XCRemoteSwiftPackageReference;
			repositoryURL = "https://github.com/clerk/clerk-ios";
			requirement = {
				kind = exactVersion;
				version = 1.1.0;
			};
		};
		D32D39598349EE47DCF6D3AF /* XCRemoteSwiftPackageReference "MarkdownView" */ = {
			isa = XCRemoteSwiftPackageReference;
			repositoryURL = "https://github.com/LiYanan2004/MarkdownView";
			requirement = {
				kind = exactVersion;
				version = 2.5.2;
			};
		};
/* End XCRemoteSwiftPackageReference section */

/* Begin XCSwiftPackageProductDependency section */
		6C2A594830F0F7D144A13619 /* ClerkKit */ = {
			isa = XCSwiftPackageProductDependency;
			package = 6D8D760FFC5E0AF1298D9A79 /* XCRemoteSwiftPackageReference "clerk-ios" */;
			productName = ClerkKit;
		};
		A8A3C701861EEE87CDB63E1F /* Runestone */ = {
			isa = XCSwiftPackageProductDependency;
			package = 1D595001E07884544B0D5167 /* XCRemoteSwiftPackageReference "Runestone" */;
			productName = Runestone;
		};
		AF55BE800805F2D02D3E45D1 /* SwiftTerm */ = {
			isa = XCSwiftPackageProductDependency;
			package = 06F5066EDF7BD3A7B6BFD43F /* XCRemoteSwiftPackageReference "SwiftTerm" */;
			productName = SwiftTerm;
		};
		D278352A3F8948B9D661A9F1 /* ClerkKitUI */ = {
			isa = XCSwiftPackageProductDependency;
			package = 6D8D760FFC5E0AF1298D9A79 /* XCRemoteSwiftPackageReference "clerk-ios" */;
			productName = ClerkKitUI;
		};
		D405AC10DE427A173D4FA3C2 /* MarkdownView */ = {
			isa = XCSwiftPackageProductDependency;
			package = D32D39598349EE47DCF6D3AF /* XCRemoteSwiftPackageReference "MarkdownView" */;
			productName = MarkdownView;
		};
/* End XCSwiftPackageProductDependency section */
	};
	rootObject = 9FF4550AA511F7D26AB2C54D /* Project object */;
}
